
Microsoft Visual Studio Solution File, Format Version 12.00
# Visual Studio Version 17
VisualStudioVersion = 17.11.35327.3
MinimumVisualStudioVersion = 10.0.40219.1
Project("{9A19103F-16F7-4668-BE54-9A1E7A4F7556}") = "LOTRLOME", "LOTRLOME.csproj", "{F6AADC43-FD8F-4756-A655-D45AB34EEAF1}"
EndProject
Global
	GlobalSection(SolutionConfigurationPlatforms) = preSolution
		Debug|x64 = Debug|x64
		Release|x64 = Release|x64
	EndGlobalSection
	GlobalSection(ProjectConfigurationPlatforms) = postSolution
		{F6AADC43-FD8F-4756-A655-D45AB34EEAF1}.Debug|x64.ActiveCfg = Debug|x64
		{F6AADC43-FD8F-4756-A655-D45AB34EEAF1}.Debug|x64.Build.0 = Debug|x64
		{F6AADC43-FD8F-4756-A655-D45AB34EEAF1}.Release|x64.ActiveCfg = Release|x64
		{F6AADC43-FD8F-4756-A655-D45AB34EEAF1}.Release|x64.Build.0 = Release|x64
	EndGlobalSection
	GlobalSection(SolutionProperties) = preSolution
		HideSolutionNode = FALSE
	EndGlobalSection
	GlobalSection(ExtensibilityGlobals) = postSolution
		SolutionGuid = {ECAB88D2-4FDE-4B9B-9553-073481D89643}
	EndGlobalSection
EndGlobal
